
Microsoft Visual Studio Solution File, Format Version 12.00
# Visual Studio Version 17
VisualStudioVersion = 17.8.34309.116
MinimumVisualStudioVersion = 10.0.40219.1
Project("{9A19103F-16F7-4668-BE54-9A1E7A4F7556}") = "AbandonedBuildingRemover", "AbandonedBuildingRemover.csproj", "{97E4D197-0130-431C-8B64-BCDE6EA54670}"
EndProject
Global
	GlobalSection(SolutionConfigurationPlatforms) = preSolution
		Debug|Any CPU = Debug|Any CPU
		Release|Any CPU = Release|Any CPU
	EndGlobalSection
	GlobalSection(ProjectConfigurationPlatforms) = postSolution
		{97E4D197-0130-431C-8B64-BCDE6EA54670}.Debug|Any CPU.ActiveCfg = Debug|Any CPU
		{97E4D197-0130-431C-8B64-BCDE6EA54670}.Debug|Any CPU.Build.0 = Debug|Any CPU
		{97E4D197-0130-431C-8B64-BCDE6EA54670}.Release|Any CPU.ActiveCfg = Release|Any CPU
		{97E4D197-0130-431C-8B64-BCDE6EA54670}.Release|Any CPU.Build.0 = Release|Any CPU
	EndGlobalSection
	GlobalSection(SolutionProperties) = preSolution
		HideSolutionNode = FALSE
	EndGlobalSection
	GlobalSection(ExtensibilityGlobals) = postSolution
		SolutionGuid = {500E6391-DA9F-44E9-957C-7A0A05F2E55A}
	EndGlobalSection
EndGlobal
