
Microsoft Visual Studio Solution File, Format Version 12.00
# Visual Studio Version 17
VisualStudioVersion = 17.8.34525.116
MinimumVisualStudioVersion = 10.0.40219.1
Project("{FAE04EC0-301F-11D3-BF4B-00C04F79EFBC}") = "AbandonedBuildingRemover", "AbandonedBuildingRemover.csproj", "{309F2390-7CE5-4054-92D5-6E6727B65C16}"
EndProject
Global
	GlobalSection(SolutionConfigurationPlatforms) = preSolution
		Debug|Any CPU = Debug|Any CPU
		Release|Any CPU = Release|Any CPU
	EndGlobalSection
	GlobalSection(ProjectConfigurationPlatforms) = postSolution
		{309F2390-7CE5-4054-92D5-6E6727B65C16}.Debug|Any CPU.ActiveCfg = Debug|Any CPU
		{309F2390-7CE5-4054-92D5-6E6727B65C16}.Debug|Any CPU.Build.0 = Debug|Any CPU
		{309F2390-7CE5-4054-92D5-6E6727B65C16}.Release|Any CPU.ActiveCfg = Release|Any CPU
		{309F2390-7CE5-4054-92D5-6E6727B65C16}.Release|Any CPU.Build.0 = Release|Any CPU
	EndGlobalSection
	GlobalSection(SolutionProperties) = preSolution
		HideSolutionNode = FALSE
	EndGlobalSection
	GlobalSection(ExtensibilityGlobals) = postSolution
		SolutionGuid = {38657415-09E7-4CA8-A1E1-92BE414A07B3}
	EndGlobalSection
EndGlobal
